
Microsoft Visual Studio Solution File, Format Version 12.00
# Visual Studio 15
VisualStudioVersion = 15.0.28010.2016
MinimumVisualStudioVersion = 10.0.40219.1
Project("{FAE04EC0-301F-11D3-BF4B-00C04F79EFBC}") = "ATM simulator", "ATM simulator\ATM simulator.csproj", "{6ABBB283-F8F6-463D-8155-1B9BCF773B4A}"
EndProject
Global
	GlobalSection(SolutionConfigurationPlatforms) = preSolution
		Debug|Any CPU = Debug|Any CPU
		Release|Any CPU = Release|Any CPU
	EndGlobalSection
	GlobalSection(ProjectConfigurationPlatforms) = postSolution
		{6ABBB283-F8F6-463D-8155-1B9BCF773B4A}.Debug|Any CPU.ActiveCfg = Debug|Any CPU
		{6ABBB283-F8F6-463D-8155-1B9BCF773B4A}.Debug|Any CPU.Build.0 = Debug|Any CPU
		{6ABBB283-F8F6-463D-8155-1B9BCF773B4A}.Release|Any CPU.ActiveCfg = Release|Any CPU
		{6ABBB283-F8F6-463D-8155-1B9BCF773B4A}.Release|Any CPU.Build.0 = Release|Any CPU
	EndGlobalSection
	GlobalSection(SolutionProperties) = preSolution
		HideSolutionNode = FALSE
	EndGlobalSection
	GlobalSection(ExtensibilityGlobals) = postSolution
		SolutionGuid = {830053AB-E22B-4FB7-8AAC-9858C60702F8}
	EndGlobalSection
EndGlobal
